
Microsoft Visual Studio Solution File, Format Version 12.00
# Visual Studio Version 17
VisualStudioVersion = 17.9.34616.47
MinimumVisualStudioVersion = 10.0.40219.1
Project("{FAE04EC0-301F-11D3-BF4B-00C04F79EFBC}") = "Clinic Management", "Clinic Management.csproj", "{423A10C8-63E7-4970-BC57-02A9AD79D289}"
EndProject
Global
	GlobalSection(SolutionConfigurationPlatforms) = preSolution
		Debug|Any CPU = Debug|Any CPU
		Release|Any CPU = Release|Any CPU
	EndGlobalSection
	GlobalSection(ProjectConfigurationPlatforms) = postSolution
		{423A10C8-63E7-4970-BC57-02A9AD79D289}.Debug|Any CPU.ActiveCfg = Debug|Any CPU
		{423A10C8-63E7-4970-BC57-02A9AD79D289}.Debug|Any CPU.Build.0 = Debug|Any CPU
		{423A10C8-63E7-4970-BC57-02A9AD79D289}.Release|Any CPU.ActiveCfg = Release|Any CPU
		{423A10C8-63E7-4970-BC57-02A9AD79D289}.Release|Any CPU.Build.0 = Release|Any CPU
	EndGlobalSection
	GlobalSection(SolutionProperties) = preSolution
		HideSolutionNode = FALSE
	EndGlobalSection
	GlobalSection(ExtensibilityGlobals) = postSolution
		SolutionGuid = {B810DA13-93CD-443A-B1F2-C66CFD57E486}
	EndGlobalSection
EndGlobal
